
Microsoft Visual Studio Solution File, Format Version 12.00
# Visual Studio Version 16
VisualStudioVersion = 16.0.30503.244
MinimumVisualStudioVersion = 10.0.40219.1
Project("{FAE04EC0-301F-11D3-BF4B-00C04F79EFBC}") = "oto", "oto\oto.csproj", "{EB4705BC-705E-49AB-A26E-23D7312134E1}"
EndProject
Global
	GlobalSection(SolutionConfigurationPlatforms) = preSolution
		Debug|Any CPU = Debug|Any CPU
		Release|Any CPU = Release|Any CPU
	EndGlobalSection
	GlobalSection(ProjectConfigurationPlatforms) = postSolution
		{EB4705BC-705E-49AB-A26E-23D7312134E1}.Debug|Any CPU.ActiveCfg = Debug|Any CPU
		{EB4705BC-705E-49AB-A26E-23D7312134E1}.Debug|Any CPU.Build.0 = Debug|Any CPU
		{EB4705BC-705E-49AB-A26E-23D7312134E1}.Release|Any CPU.ActiveCfg = Release|Any CPU
		{EB4705BC-705E-49AB-A26E-23D7312134E1}.Release|Any CPU.Build.0 = Release|Any CPU
	EndGlobalSection
	GlobalSection(SolutionProperties) = preSolution
		HideSolutionNode = FALSE
	EndGlobalSection
	GlobalSection(ExtensibilityGlobals) = postSolution
		SolutionGuid = {8CF83F43-1509-490C-B3BC-9999AA46799C}
	EndGlobalSection
EndGlobal
